Microsoft Visual Studio Solution File, Format Version 12.00
# Visual Studio Version 17
VisualStudioVersion = 17.5.2.0
MinimumVisualStudioVersion = 10.0.40219.1
Project("{2150E333-8FDC-42A3-9474-1A3956D46DE8}") = "damien crappe", "damien crappe", "{43F1D940-B9C3-25B5-4B6D-E2EC13AC7B18}"
EndProject
Project("{FAE04EC0-301F-11D3-BF4B-00C04F79EFBC}") = "bank", "damien crappe\bank\bank.csproj", "{B61357F5-9B5E-6100-7896-38BAF81DE830}"
EndProject
Global
	GlobalSection(SolutionConfigurationPlatforms) = preSolution
		Debug|Any CPU = Debug|Any CPU
		Release|Any CPU = Release|Any CPU
	EndGlobalSection
	GlobalSection(ProjectConfigurationPlatforms) = postSolution
		{B61357F5-9B5E-6100-7896-38BAF81DE830}.Debug|Any CPU.ActiveCfg = Debug|Any CPU
		{B61357F5-9B5E-6100-7896-38BAF81DE830}.Debug|Any CPU.Build.0 = Debug|Any CPU
		{B61357F5-9B5E-6100-7896-38BAF81DE830}.Release|Any CPU.ActiveCfg = Release|Any CPU
		{B61357F5-9B5E-6100-7896-38BAF81DE830}.Release|Any CPU.Build.0 = Release|Any CPU
	EndGlobalSection
	GlobalSection(SolutionProperties) = preSolution
		HideSolutionNode = FALSE
	EndGlobalSection
	GlobalSection(NestedProjects) = preSolution
		{B61357F5-9B5E-6100-7896-38BAF81DE830} = {43F1D940-B9C3-25B5-4B6D-E2EC13AC7B18}
	EndGlobalSection
	GlobalSection(ExtensibilityGlobals) = postSolution
		SolutionGuid = {283BA3B3-F18F-4663-B021-F431D5F1B3BB}
	EndGlobalSection
EndGlobal
