
Microsoft Visual Studio Solution File, Format Version 12.00
# Visual Studio Version 18
VisualStudioVersion = 18.0.11205.157 d18.0
MinimumVisualStudioVersion = 10.0.40219.1
Project("{FAE04EC0-301F-11D3-BF4B-00C04F79EFBC}") = "Thomas_Sutil_Valeriano", "Thomas_Sutil_Valeriano.csproj", "{B0611FC1-6DE7-2F71-BB19-46E7EF931186}"
EndProject
Global
	GlobalSection(SolutionConfigurationPlatforms) = preSolution
		Debug|Any CPU = Debug|Any CPU
		Release|Any CPU = Release|Any CPU
	EndGlobalSection
	GlobalSection(ProjectConfigurationPlatforms) = postSolution
		{B0611FC1-6DE7-2F71-BB19-46E7EF931186}.Debug|Any CPU.ActiveCfg = Debug|Any CPU
		{B0611FC1-6DE7-2F71-BB19-46E7EF931186}.Debug|Any CPU.Build.0 = Debug|Any CPU
		{B0611FC1-6DE7-2F71-BB19-46E7EF931186}.Release|Any CPU.ActiveCfg = Release|Any CPU
		{B0611FC1-6DE7-2F71-BB19-46E7EF931186}.Release|Any CPU.Build.0 = Release|Any CPU
	EndGlobalSection
	GlobalSection(SolutionProperties) = preSolution
		HideSolutionNode = FALSE
	EndGlobalSection
	GlobalSection(ExtensibilityGlobals) = postSolution
		SolutionGuid = {58B33125-4098-4C69-91D3-68942BA365AC}
	EndGlobalSection
EndGlobal
