Microsoft Visual Studio Solution File, Format Version 12.00
# Visual Studio Version 17
VisualStudioVersion = 17.5.2.0
MinimumVisualStudioVersion = 10.0.40219.1
Project("{2150E333-8FDC-42A3-9474-1A3956D46DE8}") = "Pauwels_Jonathan", "Pauwels_Jonathan", "{1E3DFFA6-B521-9FF0-C627-4177AF0C5DF5}"
EndProject
Project("{FAE04EC0-301F-11D3-BF4B-00C04F79EFBC}") = "BankApp", "Pauwels_Jonathan\BankApp\BankApp.csproj", "{FEBF7C01-FEB4-3E77-75D5-4C3EE89354E1}"
EndProject
Global
	GlobalSection(SolutionConfigurationPlatforms) = preSolution
		Debug|Any CPU = Debug|Any CPU
		Release|Any CPU = Release|Any CPU
	EndGlobalSection
	GlobalSection(ProjectConfigurationPlatforms) = postSolution
		{FEBF7C01-FEB4-3E77-75D5-4C3EE89354E1}.Debug|Any CPU.ActiveCfg = Debug|Any CPU
		{FEBF7C01-FEB4-3E77-75D5-4C3EE89354E1}.Debug|Any CPU.Build.0 = Debug|Any CPU
		{FEBF7C01-FEB4-3E77-75D5-4C3EE89354E1}.Release|Any CPU.ActiveCfg = Release|Any CPU
		{FEBF7C01-FEB4-3E77-75D5-4C3EE89354E1}.Release|Any CPU.Build.0 = Release|Any CPU
	EndGlobalSection
	GlobalSection(SolutionProperties) = preSolution
		HideSolutionNode = FALSE
	EndGlobalSection
	GlobalSection(NestedProjects) = preSolution
		{FEBF7C01-FEB4-3E77-75D5-4C3EE89354E1} = {1E3DFFA6-B521-9FF0-C627-4177AF0C5DF5}
	EndGlobalSection
	GlobalSection(ExtensibilityGlobals) = postSolution
		SolutionGuid = {CB9DBC2E-C395-46E8-92E1-CFA947306980}
	EndGlobalSection
EndGlobal
