
Microsoft Visual Studio Solution File, Format Version 12.00
# Visual Studio Version 17
VisualStudioVersion = 17.0.31903.59
MinimumVisualStudioVersion = 10.0.40219.1
Project("{2150E333-8FDC-42A3-9474-1A3956D46DE8}") = "Cédric Delval", "Cédric Delval", "{3DCA868F-08E2-4B57-9124-64A8B1CF540C}"
EndProject
Project("{FAE04EC0-301F-11D3-BF4B-00C04F79EFBC}") = "BankApp", "Cédric Delval\BankApp\BankApp.csproj", "{45554121-7CA5-4F5F-BE43-AB84A74330D4}"
EndProject
Global
	GlobalSection(SolutionConfigurationPlatforms) = preSolution
		Debug|Any CPU = Debug|Any CPU
		Release|Any CPU = Release|Any CPU
	EndGlobalSection
	GlobalSection(SolutionProperties) = preSolution
		HideSolutionNode = FALSE
	EndGlobalSection
	GlobalSection(ProjectConfigurationPlatforms) = postSolution
		{45554121-7CA5-4F5F-BE43-AB84A74330D4}.Debug|Any CPU.ActiveCfg = Debug|Any CPU
		{45554121-7CA5-4F5F-BE43-AB84A74330D4}.Debug|Any CPU.Build.0 = Debug|Any CPU
		{45554121-7CA5-4F5F-BE43-AB84A74330D4}.Release|Any CPU.ActiveCfg = Release|Any CPU
		{45554121-7CA5-4F5F-BE43-AB84A74330D4}.Release|Any CPU.Build.0 = Release|Any CPU
	EndGlobalSection
	GlobalSection(NestedProjects) = preSolution
		{45554121-7CA5-4F5F-BE43-AB84A74330D4} = {3DCA868F-08E2-4B57-9124-64A8B1CF540C}
	EndGlobalSection
EndGlobal
